
Microsoft Visual Studio Solution File, Format Version 12.00
# Visual Studio 15
VisualStudioVersion = 15.0.28307.421
MinimumVisualStudioVersion = 10.0.40219.1
Project("{FAE04EC0-301F-11D3-BF4B-00C04F79EFBC}") = "task2", "task2\task2.csproj", "{234267A8-7510-4A58-B99A-12861B5CE924}"
EndProject
Global
	GlobalSection(SolutionConfigurationPlatforms) = preSolution
		Debug|Any CPU = Debug|Any CPU
		Release|Any CPU = Release|Any CPU
	EndGlobalSection
	GlobalSection(ProjectConfigurationPlatforms) = postSolution
		{234267A8-7510-4A58-B99A-12861B5CE924}.Debug|Any CPU.ActiveCfg = Debug|Any CPU
		{234267A8-7510-4A58-B99A-12861B5CE924}.Debug|Any CPU.Build.0 = Debug|Any CPU
		{234267A8-7510-4A58-B99A-12861B5CE924}.Release|Any CPU.ActiveCfg = Release|Any CPU
		{234267A8-7510-4A58-B99A-12861B5CE924}.Release|Any CPU.Build.0 = Release|Any CPU
	EndGlobalSection
	GlobalSection(SolutionProperties) = preSolution
		HideSolutionNode = FALSE
	EndGlobalSection
	GlobalSection(ExtensibilityGlobals) = postSolution
		SolutionGuid = {3541468E-B7FB-4E30-AD82-839F21D012A9}
	EndGlobalSection
EndGlobal
